// !$*UTF8*$!
{
	archiveVersion = 1;
	classes = {
	};
	objectVersion = 50;
	objects = {

/* Begin PBXBuildFile section */
		DAEE1B172292C2B100EA4781 /* AppDelegate.swift in Sources */ = {isa = PBXBuildFile; fileRef = DAEE1B162292C2B100EA4781 /* AppDelegate.swift */; };
		DAEE1B192292C2B100EA4781 /* ViewController.swift in Sources */ = {isa = PBXBuildFile; fileRef = DAEE1B182292C2B100EA4781 /* ViewController.swift */; };
		DAEE1B1C2292C2B100EA4781 /* Main.storyboard in Resources */ = {isa = PBXBuildFile; fileRef = DAEE1B1A2292C2B100EA4781 /* Main.storyboard */; };
		DAEE1B1E2292C2B300EA4781 /* Assets.xcassets in Resources */ = {isa = PBXBuildFile; fileRef = DAEE1B1D2292C2B300EA4781 /* Assets.xcassets */; };
		DAEE1B212292C2B300EA4781 /* LaunchScreen.storyboard in Resources */ = {isa = PBXBuildFile; fileRef = DAEE1B1F2292C2B300EA4781 /* LaunchScreen.storyboard */; };
		DAEE1B2C2292C2B300EA4781 /* MusicAppTests.swift in Sources */ = {isa = PBXBuildFile; fileRef = DAEE1B2B2292C2B300EA4781 /* MusicAppTests.swift */; };
		DAEE1B372292C2B300EA4781 /* MusicAppUITests.swift in Sources */ = {isa = PBXBuildFile; fileRef = DAEE1B362292C2B300EA4781 /* MusicAppUITests.swift */; };
		DAEE1B482292C3B100EA4781 /* Track.swift in Sources */ = {isa = PBXBuildFile; fileRef = DAEE1B452292C3B100EA4781 /* Track.swift */; };
		DAEE1B492292C3B100EA4781 /* Album.swift in Sources */ = {isa = PBXBuildFile; fileRef = DAEE1B462292C3B100EA4781 /* Album.swift */; };
		DAEE1B4A2292C3B100EA4781 /* Artist.swift in Sources */ = {isa = PBXBuildFile; fileRef = DAEE1B472292C3B100EA4781 /* Artist.swift */; };
		DAEE1B4F2292C3DF00EA4781 /* AlbumViewModel.swift in Sources */ = {isa = PBXBuildFile; fileRef = DAEE1B4C2292C3DE00EA4781 /* AlbumViewModel.swift */; };
		DAEE1B502292C3DF00EA4781 /* TrackViewModel.swift in Sources */ = {isa = PBXBuildFile; fileRef = DAEE1B4D2292C3DE00EA4781 /* TrackViewModel.swift */; };
		DAEE1B512292C3DF00EA4781 /* ArtistViewModel.swift in Sources */ = {isa = PBXBuildFile; fileRef = DAEE1B4E2292C3DE00EA4781 /* ArtistViewModel.swift */; };
/* End PBXBuildFile section */

/* Begin PBXContainerItemProxy section */
		DAEE1B282292C2B300EA4781 /* PBXContainerItemProxy */ = {
			isa = PBXContainerItemProxy;
			containerPortal = DAEE1B0B2292C2B100EA4781 /* Project object */;
			proxyType = 1;
			remoteGlobalIDString = DAEE1B122292C2B100EA4781;
			remoteInfo = MusicApp;
		};
		DAEE1B332292C2B300EA4781 /* PBXContainerItemProxy */ = {
			isa = PBXContainerItemProxy;
			containerPortal = DAEE1B0B2292C2B100EA4781 /* Project object */;
			proxyType = 1;
			remoteGlobalIDString = DAEE1B122292C2B100EA4781;
			remoteInfo = MusicApp;
		};
/* End PBXContainerItemProxy section */

/* Begin PBXFileReference section */
		DAEE1B132292C2B100EA4781 /* MusicApp.app */ = {isa = PBXFileReference; explicitFileType = wrapper.application; includeInIndex = 0; path = MusicApp.app; sourceTree = BUILT_PRODUCTS_DIR; };
		DAEE1B162292C2B100EA4781 /* AppDelegate.swift */ = {isa = PBXFileReference; lastKnownFileType = sourcecode.swift; path = AppDelegate.swift; sourceTree = "<group>"; };
		DAEE1B182292C2B100EA4781 /* ViewController.swift */ = {isa = PBXFileReference; lastKnownFileType = sourcecode.swift; path = ViewController.swift; sourceTree = "<group>"; };
		DAEE1B1B2292C2B100EA4781 /* Base */ = {isa = PBXFileReference; lastKnownFileType = file.storyboard; name = Base; path = Base.lproj/Main.storyboard; sourceTree = "<group>"; };
		DAEE1B1D2292C2B300EA4781 /* Assets.xcassets */ = {isa = PBXFileReference; lastKnownFileType = folder.assetcatalog; path = Assets.xcassets; sourceTree = "<group>"; };
		DAEE1B202292C2B300EA4781 /* Base */ = {isa = PBXFileReference; lastKnownFileType = file.storyboard; name = Base; path = Base.lproj/LaunchScreen.storyboard; sourceTree = "<group>"; };
		DAEE1B222292C2B300EA4781 /* Info.plist */ = {isa = PBXFileReference; lastKnownFileType = text.plist.xml; path = Info.plist; sourceTree = "<group>"; };
		DAEE1B272292C2B300EA4781 /* MusicAppTests.xctest */ = {isa = PBXFileReference; explicitFileType = wrapper.cfbundle; includeInIndex = 0; path = MusicAppTests.xctest; sourceTree = BUILT_PRODUCTS_DIR; };
		DAEE1B2B2292C2B300EA4781 /* MusicAppTests.swift */ = {isa = PBXFileReference; lastKnownFileType = sourcecode.swift; path = MusicAppTests.swift; sourceTree = "<group>"; };
		DAEE1B2D2292C2B300EA4781 /* Info.plist */ = {isa = PBXFileReference; lastKnownFileType = text.plist.xml; path = Info.plist; sourceTree = "<group>"; };
		DAEE1B322292C2B300EA4781 /* MusicAppUITests.xctest */ = {isa = PBXFileReference; explicitFileType = wrapper.cfbundle; includeInIndex = 0; path = MusicAppUITests.xctest; sourceTree = BUILT_PRODUCTS_DIR; };
		DAEE1B362292C2B300EA4781 /* MusicAppUITests.swift */ = {isa = PBXFileReference; lastKnownFileType = sourcecode.swift; path = MusicAppUITests.swift; sourceTree = "<group>"; };
		DAEE1B382292C2B300EA4781 /* Info.plist */ = {isa = PBXFileReference; lastKnownFileType = text.plist.xml; path = Info.plist; sourceTree = "<group>"; };
		DAEE1B452292C3B100EA4781 /* Track.swift */ = {isa = PBXFileReference; fileEncoding = 4; lastKnownFileType = sourcecode.swift; path = Track.swift; sourceTree = "<group>"; };
		DAEE1B462292C3B100EA4781 /* Album.swift */ = {isa = PBXFileReference; fileEncoding = 4; lastKnownFileType = sourcecode.swift; path = Album.swift; sourceTree = "<group>"; };
		DAEE1B472292C3B100EA4781 /* Artist.swift */ = {isa = PBXFileReference; fileEncoding = 4; lastKnownFileType = sourcecode.swift; path = Artist.swift; sourceTree = "<group>"; };
		DAEE1B4C2292C3DE00EA4781 /* AlbumViewModel.swift */ = {isa = PBXFileReference; fileEncoding = 4; lastKnownFileType = sourcecode.swift; path = AlbumViewModel.swift; sourceTree = "<group>"; };
		DAEE1B4D2292C3DE00EA4781 /* TrackViewModel.swift */ = {isa = PBXFileReference; fileEncoding = 4; lastKnownFileType = sourcecode.swift; path = TrackViewModel.swift; sourceTree = "<group>"; };
		DAEE1B4E2292C3DE00EA4781 /* ArtistViewModel.swift */ = {isa = PBXFileReference; fileEncoding = 4; lastKnownFileType = sourcecode.swift; path = ArtistViewModel.swift; sourceTree = "<group>"; };
/* End PBXFileReference section */

/* Begin PBXFrameworksBuildPhase section */
		DAEE1B102292C2B100EA4781 /* Frameworks */ = {
			isa = PBXFrameworksBuildPhase;
			buildActionMask = 2147483647;
			files = (
			);
			runOnlyForDeploymentPostprocessing = 0;
		};
		DAEE1B242292C2B300EA4781 /* Frameworks */ = {
			isa = PBXFrameworksBuildPhase;
			buildActionMask = 2147483647;
			files = (
			);
			runOnlyForDeploymentPostprocessing = 0;
		};
		DAEE1B2F2292C2B300EA4781 /* Frameworks */ = {
			isa = PBXFrameworksBuildPhase;
			buildActionMask = 2147483647;
			files = (
			);
			runOnlyForDeploymentPostprocessing = 0;
		};
/* End PBXFrameworksBuildPhase section */

/* Begin PBXGroup section */
		DAEE1B0A2292C2B100EA4781 = {
			isa = PBXGroup;
			children = (
				DAEE1B152292C2B100EA4781 /* MusicApp */,
				DAEE1B2A2292C2B300EA4781 /* MusicAppTests */,
				DAEE1B352292C2B300EA4781 /* MusicAppUITests */,
				DAEE1B142292C2B100EA4781 /* Products */,
			);
			sourceTree = "<group>";
		};
		DAEE1B142292C2B100EA4781 /* Products */ = {
			isa = PBXGroup;
			children = (
				DAEE1B132292C2B100EA4781 /* MusicApp.app */,
				DAEE1B272292C2B300EA4781 /* MusicAppTests.xctest */,
				DAEE1B322292C2B300EA4781 /* MusicAppUITests.xctest */,
			);
			name = Products;
			sourceTree = "<group>";
		};
		DAEE1B152292C2B100EA4781 /* MusicApp */ = {
			isa = PBXGroup;
			children = (
				DAEE1B442292C3B100EA4781 /* Model */,
				DAEE1B162292C2B100EA4781 /* AppDelegate.swift */,
				DAEE1B182292C2B100EA4781 /* ViewController.swift */,
				DAEE1B1A2292C2B100EA4781 /* Main.storyboard */,
				DAEE1B4B2292C3DE00EA4781 /* ViewModel */,
				DAEE1B1D2292C2B300EA4781 /* Assets.xcassets */,
				DAEE1B1F2292C2B300EA4781 /* LaunchScreen.storyboard */,
				DAEE1B222292C2B300EA4781 /* Info.plist */,
			);
			path = MusicApp;
			sourceTree = "<group>";
		};
		DAEE1B2A2292C2B300EA4781 /* MusicAppTests */ = {
			isa = PBXGroup;
			children = (
				DAEE1B2B2292C2B300EA4781 /* MusicAppTests.swift */,
				DAEE1B2D2292C2B300EA4781 /* Info.plist */,
			);
			path = MusicAppTests;
			sourceTree = "<group>";
		};
		DAEE1B352292C2B300EA4781 /* MusicAppUITests */ = {
			isa = PBXGroup;
			children = (
				DAEE1B362292C2B300EA4781 /* MusicAppUITests.swift */,
				DAEE1B382292C2B300EA4781 /* Info.plist */,
			);
			path = MusicAppUITests;
			sourceTree = "<group>";
		};
		DAEE1B442292C3B100EA4781 /* Model */ = {
			isa = PBXGroup;
			children = (
				DAEE1B452292C3B100EA4781 /* Track.swift */,
				DAEE1B462292C3B100EA4781 /* Album.swift */,
				DAEE1B472292C3B100EA4781 /* Artist.swift */,
			);
			path = Model;
			sourceTree = "<group>";
		};
		DAEE1B4B2292C3DE00EA4781 /* ViewModel */ = {
			isa = PBXGroup;
			children = (
				DAEE1B4C2292C3DE00EA4781 /* AlbumViewModel.swift */,
				DAEE1B4D2292C3DE00EA4781 /* TrackViewModel.swift */,
				DAEE1B4E2292C3DE00EA4781 /* ArtistViewModel.swift */,
			);
			path = ViewModel;
			sourceTree = "<group>";
		};
/* End PBXGroup section */

/* Begin PBXNativeTarget section */
		DAEE1B122292C2B100EA4781 /* MusicApp */ = {
			isa = PBXNativeTarget;
			buildConfigurationList = DAEE1B3B2292C2B300EA4781 /* Build configuration list for PBXNativeTarget "MusicApp" */;
			buildPhases = (
				DAEE1B0F2292C2B100EA4781 /* Sources */,
				DAEE1B102292C2B100EA4781 /* Frameworks */,
				DAEE1B112292C2B100EA4781 /* Resources */,
			);
			buildRules = (
			);
			dependencies = (
			);
			name = MusicApp;
			productName = MusicApp;
			productReference = DAEE1B132292C2B100EA4781 /* MusicApp.app */;
			productType = "com.apple.product-type.application";
		};
		DAEE1B262292C2B300EA4781 /* MusicAppTests */ = {
			isa = PBXNativeTarget;
			buildConfigurationList = DAEE1B3E2292C2B300EA4781 /* Build configuration list for PBXNativeTarget "MusicAppTests" */;
			buildPhases = (
				DAEE1B232292C2B300EA4781 /* Sources */,
				DAEE1B242292C2B300EA4781 /* Frameworks */,
				DAEE1B252292C2B300EA4781 /* Resources */,
			);
			buildRules = (
			);
			dependencies = (
				DAEE1B292292C2B300EA4781 /* PBXTargetDependency */,
			);
			name = MusicAppTests;
			productName = MusicAppTests;
			productReference = DAEE1B272292C2B300EA4781 /* MusicAppTests.xctest */;
			productType = "com.apple.product-type.bundle.unit-test";
		};
		DAEE1B312292C2B300EA4781 /* MusicAppUITests */ = {
			isa = PBXNativeTarget;
			buildConfigurationList = DAEE1B412292C2B300EA4781 /* Build configuration list for PBXNativeTarget "MusicAppUITests" */;
			buildPhases = (
				DAEE1B2E2292C2B300EA4781 /* Sources */,
				DAEE1B2F2292C2B300EA4781 /* Frameworks */,
				DAEE1B302292C2B300EA4781 /* Resources */,
			);
			buildRules = (
			);
			dependencies = (
				DAEE1B342292C2B300EA4781 /* PBXTargetDependency */,
			);
			name = MusicAppUITests;
			productName = MusicAppUITests;
			productReference = DAEE1B322292C2B300EA4781 /* MusicAppUITests.xctest */;
			productType = "com.apple.product-type.bundle.ui-testing";
		};
/* End PBXNativeTarget section */

/* Begin PBXProject section */
		DAEE1B0B2292C2B100EA4781 /* Project object */ = {
			isa = PBXProject;
			attributes = {
				LastSwiftUpdateCheck = 1010;
				LastUpgradeCheck = 1010;
				ORGANIZATIONNAME = AppKrafting;
				TargetAttributes = {
					DAEE1B122292C2B100EA4781 = {
						CreatedOnToolsVersion = 10.1;
					};
					DAEE1B262292C2B300EA4781 = {
						CreatedOnToolsVersion = 10.1;
						TestTargetID = DAEE1B122292C2B100EA4781;
					};
					DAEE1B312292C2B300EA4781 = {
						CreatedOnToolsVersion = 10.1;
						TestTargetID = DAEE1B122292C2B100EA4781;
					};
				};
			};
			buildConfigurationList = DAEE1B0E2292C2B100EA4781 /* Build configuration list for PBXProject "MusicApp" */;
			compatibilityVersion = "Xcode 9.3";
			developmentRegion = en;
			hasScannedForEncodings = 0;
			knownRegions = (
				en,
				Base,
			);
			mainGroup = DAEE1B0A2292C2B100EA4781;
			productRefGroup = DAEE1B142292C2B100EA4781 /* Products */;
			projectDirPath = "";
			projectRoot = "";
			targets = (
				DAEE1B122292C2B100EA4781 /* MusicApp */,
				DAEE1B262292C2B300EA4781 /* MusicAppTests */,
				DAEE1B312292C2B300EA4781 /* MusicAppUITests */,
			);
		};
/* End PBXProject section */

/* Begin PBXResourcesBuildPhase section */
		DAEE1B112292C2B100EA4781 /* Resources */ = {
			isa = PBXResourcesBuildPhase;
			buildActionMask = 2147483647;
			files = (
				DAEE1B212292C2B300EA4781 /* LaunchScreen.storyboard in Resources */,
				DAEE1B1E2292C2B300EA4781 /* Assets.xcassets in Resources */,
				DAEE1B1C2292C2B100EA4781 /* Main.storyboard in Resources */,
			);
			runOnlyForDeploymentPostprocessing = 0;
		};
		DAEE1B252292C2B300EA4781 /* Resources */ = {
			isa = PBXResourcesBuildPhase;
			buildActionMask = 2147483647;
			files = (
			);
			runOnlyForDeploymentPostprocessing = 0;
		};
		DAEE1B302292C2B300EA4781 /* Resources */ = {
			isa = PBXResourcesBuildPhase;
			buildActionMask = 2147483647;
			files = (
			);
			runOnlyForDeploymentPostprocessing = 0;
		};
/* End PBXResourcesBuildPhase section */

/* Begin PBXSourcesBuildPhase section */
		DAEE1B0F2292C2B100EA4781 /* Sources */ = {
			isa = PBXSourcesBuildPhase;
			buildActionMask = 2147483647;
			files = (
				DAEE1B502292C3DF00EA4781 /* TrackViewModel.swift in Sources */,
				DAEE1B4F2292C3DF00EA4781 /* AlbumViewModel.swift in Sources */,
				DAEE1B192292C2B100EA4781 /* ViewController.swift in Sources */,
				DAEE1B512292C3DF00EA4781 /* ArtistViewModel.swift in Sources */,
				DAEE1B172292C2B100EA4781 /* AppDelegate.swift in Sources */,
				DAEE1B482292C3B100EA4781 /* Track.swift in Sources */,
				DAEE1B4A2292C3B100EA4781 /* Artist.swift in Sources */,
				DAEE1B492292C3B100EA4781 /* Album.swift in Sources */,
			);
			runOnlyForDeploymentPostprocessing = 0;
		};
		DAEE1B232292C2B300EA4781 /* Sources */ = {
			isa = PBXSourcesBuildPhase;
			buildActionMask = 2147483647;
			files = (
				DAEE1B2C2292C2B300EA4781 /* MusicAppTests.swift in Sources */,
			);
			runOnlyForDeploymentPostprocessing = 0;
		};
		DAEE1B2E2292C2B300EA4781 /* Sources */ = {
			isa = PBXSourcesBuildPhase;
			buildActionMask = 2147483647;
			files = (
				DAEE1B372292C2B300EA4781 /* MusicAppUITests.swift in Sources */,
			);
			runOnlyForDeploymentPostprocessing = 0;
		};
/* End PBXSourcesBuildPhase section */

/* Begin PBXTargetDependency section */
		DAEE1B292292C2B300EA4781 /* PBXTargetDependency */ = {
			isa = PBXTargetDependency;
			target = DAEE1B122292C2B100EA4781 /* MusicApp */;
			targetProxy = DAEE1B282292C2B300EA4781 /* PBXContainerItemProxy */;
		};
		DAEE1B342292C2B300EA4781 /* PBXTargetDependency */ = {
			isa = PBXTargetDependency;
			target = DAEE1B122292C2B100EA4781 /* MusicApp */;
			targetProxy = DAEE1B332292C2B300EA4781 /* PBXContainerItemProxy */;
		};
/* End PBXTargetDependency section */

/* Begin PBXVariantGroup section */
		DAEE1B1A2292C2B100EA4781 /* Main.storyboard */ = {
			isa = PBXVariantGroup;
			children = (
				DAEE1B1B2292C2B100EA4781 /* Base */,
			);
			name = Main.storyboard;
			sourceTree = "<group>";
		};
		DAEE1B1F2292C2B300EA4781 /* LaunchScreen.storyboard */ = {
			isa = PBXVariantGroup;
			children = (
				DAEE1B202292C2B300EA4781 /* Base */,
			);
			name = LaunchScreen.storyboard;
			sourceTree = "<group>";
		};
/* End PBXVariantGroup section */

/* Begin XCBuildConfiguration section */
		DAEE1B392292C2B300EA4781 /* Debug */ = {
			isa = XCBuildConfiguration;
			buildSettings = {
				ALWAYS_SEARCH_USER_PATHS = NO;
				CLANG_ANALYZER_NONNULL = YES;
				CLANG_ANALYZER_NUMBER_OBJECT_CONVERSION = YES_AGGRESSIVE;
				CLANG_CXX_LANGUAGE_STANDARD = "gnu++14";
				CLANG_CXX_LIBRARY = "libc++";
				CLANG_ENABLE_MODULES = YES;
				CLANG_ENABLE_OBJC_ARC = YES;
				CLANG_ENABLE_OBJC_WEAK = YES;
				CLANG_WARN_BLOCK_CAPTURE_AUTORELEASING = YES;
				CLANG_WARN_BOOL_CONVERSION = YES;
				CLANG_WARN_COMMA = YES;
				CLANG_WARN_CONSTANT_CONVERSION = YES;
				CLANG_WARN_DEPRECATED_OBJC_IMPLEMENTATIONS = YES;
				CLANG_WARN_DIRECT_OBJC_ISA_USAGE = YES_ERROR;
				CLANG_WARN_DOCUMENTATION_COMMENTS = YES;
				CLANG_WARN_EMPTY_BODY = YES;
				CLANG_WARN_ENUM_CONVERSION = YES;
				CLANG_WARN_INFINITE_RECURSION = YES;
				CLANG_WARN_INT_CONVERSION = YES;
				CLANG_WARN_NON_LITERAL_NULL_CONVERSION = YES;
				CLANG_WARN_OBJC_IMPLICIT_RETAIN_SELF = YES;
				CLANG_WARN_OBJC_LITERAL_CONVERSION = YES;
				CLANG_WARN_OBJC_ROOT_CLASS = YES_ERROR;
				CLANG_WARN_RANGE_LOOP_ANALYSIS = YES;
				CLANG_WARN_STRICT_PROTOTYPES = YES;
				CLANG_WARN_SUSPICIOUS_MOVE = YES;
				CLANG_WARN_UNGUARDED_AVAILABILITY = YES_AGGRESSIVE;
				CLANG_WARN_UNREACHABLE_CODE = YES;
				CLANG_WARN__DUPLICATE_METHOD_MATCH = YES;
				CODE_SIGN_IDENTITY = "iPhone Developer";
				COPY_PHASE_STRIP = NO;
				DEBUG_INFORMATION_FORMAT = dwarf;
				ENABLE_STRICT_OBJC_MSGSEND = YES;
				ENABLE_TESTABILITY = YES;
				GCC_C_LANGUAGE_STANDARD = gnu11;
				GCC_DYNAMIC_NO_PIC = NO;
				GCC_NO_COMMON_BLOCKS = YES;
				GCC_OPTIMIZATION_LEVEL = 0;
				GCC_PREPROCESSOR_DEFINITIONS = (
					"DEBUG=1",
					"$(inherited)",
				);
				GCC_WARN_64_TO_32_BIT_CONVERSION = YES;
				GCC_WARN_ABOUT_RETURN_TYPE = YES_ERROR;
				GCC_WARN_UNDECLARED_SELECTOR = YES;
				GCC_WARN_UNINITIALIZED_AUTOS = YES_AGGRESSIVE;
				GCC_WARN_UNUSED_FUNCTION = YES;
				GCC_WARN_UNUSED_VARIABLE = YES;
				IPHONEOS_DEPLOYMENT_TARGET = 12.1;
				MTL_ENABLE_DEBUG_INFO = INCLUDE_SOURCE;
				MTL_FAST_MATH = YES;
				ONLY_ACTIVE_ARCH = YES;
				SDKROOT = iphoneos;
				SWIFT_ACTIVE_COMPILATION_CONDITIONS = DEBUG;
				SWIFT_OPTIMIZATION_LEVEL = "-Onone";
			};
			name = Debug;
		};
		DAEE1B3A2292C2B300EA4781 /* Release */ = {
			isa = XCBuildConfiguration;
			buildSettings = {
				ALWAYS_SEARCH_USER_PATHS = NO;
				CLANG_ANALYZER_NONNULL = YES;
				CLANG_ANALYZER_NUMBER_OBJECT_CONVERSION = YES_AGGRESSIVE;
				CLANG_CXX_LANGUAGE_STANDARD = "gnu++14";
				CLANG_CXX_LIBRARY = "libc++";
				CLANG_ENABLE_MODULES = YES;
				CLANG_ENABLE_OBJC_ARC = YES;
				CLANG_ENABLE_OBJC_WEAK = YES;
				CLANG_WARN_BLOCK_CAPTURE_AUTORELEASING = YES;
				CLANG_WARN_BOOL_CONVERSION = YES;
				CLANG_WARN_COMMA = YES;
				CLANG_WARN_CONSTANT_CONVERSION = YES;
				CLANG_WARN_DEPRECATED_OBJC_IMPLEMENTATIONS = YES;
				CLANG_WARN_DIRECT_OBJC_ISA_USAGE = YES_ERROR;
				CLANG_WARN_DOCUMENTATION_COMMENTS = YES;
				CLANG_WARN_EMPTY_BODY = YES;
				CLANG_WARN_ENUM_CONVERSION = YES;
				CLANG_WARN_INFINITE_RECURSION = YES;
				CLANG_WARN_INT_CONVERSION = YES;
				CLANG_WARN_NON_LITERAL_NULL_CONVERSION = YES;
				CLANG_WARN_OBJC_IMPLICIT_RETAIN_SELF = YES;
				CLANG_WARN_OBJC_LITERAL_CONVERSION = YES;
				CLANG_WARN_OBJC_ROOT_CLASS = YES_ERROR;
				CLANG_WARN_RANGE_LOOP_ANALYSIS = YES;
				CLANG_WARN_STRICT_PROTOTYPES = YES;
				CLANG_WARN_SUSPICIOUS_MOVE = YES;
				CLANG_WARN_UNGUARDED_AVAILABILITY = YES_AGGRESSIVE;
				CLANG_WARN_UNREACHABLE_CODE = YES;
				CLANG_WARN__DUPLICATE_METHOD_MATCH = YES;
				CODE_SIGN_IDENTITY = "iPhone Developer";
				COPY_PHASE_STRIP = NO;
				DEBUG_INFORMATION_FORMAT = "dwarf-with-dsym";
				ENABLE_NS_ASSERTIONS = NO;
				ENABLE_STRICT_OBJC_MSGSEND = YES;
				GCC_C_LANGUAGE_STANDARD = gnu11;
				GCC_NO_COMMON_BLOCKS = YES;
				GCC_WARN_64_TO_32_BIT_CONVERSION = YES;
				GCC_WARN_ABOUT_RETURN_TYPE = YES_ERROR;
				GCC_WARN_UNDECLARED_SELECTOR = YES;
				GCC_WARN_UNINITIALIZED_AUTOS = YES_AGGRESSIVE;
				GCC_WARN_UNUSED_FUNCTION = YES;
				GCC_WARN_UNUSED_VARIABLE = YES;
				IPHONEOS_DEPLOYMENT_TARGET = 12.1;
				MTL_ENABLE_DEBUG_INFO = NO;
				MTL_FAST_MATH = YES;
				SDKROOT = iphoneos;
				SWIFT_COMPILATION_MODE = wholemodule;
				SWIFT_OPTIMIZATION_LEVEL = "-O";
				VALIDATE_PRODUCT = YES;
			};
			name = Release;
		};
		DAEE1B3C2292C2B300EA4781 /* Debug */ = {
			isa = XCBuildConfiguration;
			buildSettings = {
				ASSETCATALOG_COMPILER_APPICON_NAME = AppIcon;
				CODE_SIGN_STYLE = Automatic;
				DEVELOPMENT_TEAM = 5Y8YYJGSNX;
				INFOPLIST_FILE = MusicApp/Info.plist;
				LD_RUNPATH_SEARCH_PATHS = (
					"$(inherited)",
					"@executable_path/Frameworks",
				);
				PRODUCT_BUNDLE_IDENTIFIER = com.appkraft.MusicApp;
				PRODUCT_NAME = "$(TARGET_NAME)";
				SWIFT_VERSION = 4.2;
				TARGETED_DEVICE_FAMILY = "1,2";
			};
			name = Debug;
		};
		DAEE1B3D2292C2B300EA4781 /* Release */ = {
			isa = XCBuildConfiguration;
			buildSettings = {
				ASSETCATALOG_COMPILER_APPICON_NAME = AppIcon;
				CODE_SIGN_STYLE = Automatic;
				DEVELOPMENT_TEAM = 5Y8YYJGSNX;
				INFOPLIST_FILE = MusicApp/Info.plist;
				LD_RUNPATH_SEARCH_PATHS = (
					"$(inherited)",
					"@executable_path/Frameworks",
				);
				PRODUCT_BUNDLE_IDENTIFIER = com.appkraft.MusicApp;
				PRODUCT_NAME = "$(TARGET_NAME)";
				SWIFT_VERSION = 4.2;
				TARGETED_DEVICE_FAMILY = "1,2";
			};
			name = Release;
		};
		DAEE1B3F2292C2B300EA4781 /* Debug */ = {
			isa = XCBuildConfiguration;
			buildSettings = {
				ALWAYS_EMBED_SWIFT_STANDARD_LIBRARIES = YES;
				BUNDLE_LOADER = "$(TEST_HOST)";
				CODE_SIGN_STYLE = Automatic;
				DEVELOPMENT_TEAM = 5Y8YYJGSNX;
				INFOPLIST_FILE = MusicAppTests/Info.plist;
				LD_RUNPATH_SEARCH_PATHS = (
					"$(inherited)",
					"@executable_path/Frameworks",
					"@loader_path/Frameworks",
				);
				PRODUCT_BUNDLE_IDENTIFIER = com.appkraft.MusicAppTests;
				PRODUCT_NAME = "$(TARGET_NAME)";
				SWIFT_VERSION = 4.2;
				TARGETED_DEVICE_FAMILY = "1,2";
				TEST_HOST = "$(BUILT_PRODUCTS_DIR)/MusicApp.app/MusicApp";
			};
			name = Debug;
		};
		DAEE1B402292C2B300EA4781 /* Release */ = {
			isa = XCBuildConfiguration;
			buildSettings = {
				ALWAYS_EMBED_SWIFT_STANDARD_LIBRARIES = YES;
				BUNDLE_LOADER = "$(TEST_HOST)";
				CODE_SIGN_STYLE = Automatic;
				DEVELOPMENT_TEAM = 5Y8YYJGSNX;
				INFOPLIST_FILE = MusicAppTests/Info.plist;
				LD_RUNPATH_SEARCH_PATHS = (
					"$(inherited)",
					"@executable_path/Frameworks",
					"@loader_path/Frameworks",
				);
				PRODUCT_BUNDLE_IDENTIFIER = com.appkraft.MusicAppTests;
				PRODUCT_NAME = "$(TARGET_NAME)";
				SWIFT_VERSION = 4.2;
				TARGETED_DEVICE_FAMILY = "1,2";
				TEST_HOST = "$(BUILT_PRODUCTS_DIR)/MusicApp.app/MusicApp";
			};
			name = Release;
		};
		DAEE1B422292C2B300EA4781 /* Debug */ = {
			isa = XCBuildConfiguration;
			buildSettings = {
				ALWAYS_EMBED_SWIFT_STANDARD_LIBRARIES = YES;
				CODE_SIGN_STYLE = Automatic;
				DEVELOPMENT_TEAM = 5Y8YYJGSNX;
				INFOPLIST_FILE = MusicAppUITests/Info.plist;
				LD_RUNPATH_SEARCH_PATHS = (
					"$(inherited)",
					"@executable_path/Frameworks",
					"@loader_path/Frameworks",
				);
				PRODUCT_BUNDLE_IDENTIFIER = com.appkraft.MusicAppUITests;
				PRODUCT_NAME = "$(TARGET_NAME)";
				SWIFT_VERSION = 4.2;
				TARGETED_DEVICE_FAMILY = "1,2";
				TEST_TARGET_NAME = MusicApp;
			};
			name = Debug;
		};
		DAEE1B432292C2B300EA4781 /* Release */ = {
			isa = XCBuildConfiguration;
			buildSettings = {
				ALWAYS_EMBED_SWIFT_STANDARD_LIBRARIES = YES;
				CODE_SIGN_STYLE = Automatic;
				DEVELOPMENT_TEAM = 5Y8YYJGSNX;
				INFOPLIST_FILE = MusicAppUITests/Info.plist;
				LD_RUNPATH_SEARCH_PATHS = (
					"$(inherited)",
					"@executable_path/Frameworks",
					"@loader_path/Frameworks",
				);
				PRODUCT_BUNDLE_IDENTIFIER = com.appkraft.MusicAppUITests;
				PRODUCT_NAME = "$(TARGET_NAME)";
				SWIFT_VERSION = 4.2;
				TARGETED_DEVICE_FAMILY = "1,2";
				TEST_TARGET_NAME = MusicApp;
			};
			name = Release;
		};
/* End XCBuildConfiguration section */

/* Begin XCConfigurationList section */
		DAEE1B0E2292C2B100EA4781 /* Build configuration list for PBXProject "MusicApp" */ = {
			isa = XCConfigurationList;
			buildConfigurations = (
				DAEE1B392292C2B300EA4781 /* Debug */,
				DAEE1B3A2292C2B300EA4781 /* Release */,
			);
			defaultConfigurationIsVisible = 0;
			defaultConfigurationName = Release;
		};
		DAEE1B3B2292C2B300EA4781 /* Build configuration list for PBXNativeTarget "MusicApp" */ = {
			isa = XCConfigurationList;
			buildConfigurations = (
				DAEE1B3C2292C2B300EA4781 /* Debug */,
				DAEE1B3D2292C2B300EA4781 /* Release */,
			);
			defaultConfigurationIsVisible = 0;
			defaultConfigurationName = Release;
		};
		DAEE1B3E2292C2B300EA4781 /* Build configuration list for PBXNativeTarget "MusicAppTests" */ = {
			isa = XCConfigurationList;
			buildConfigurations = (
				DAEE1B3F2292C2B300EA4781 /* Debug */,
				DAEE1B402292C2B300EA4781 /* Release */,
			);
			defaultConfigurationIsVisible = 0;
			defaultConfigurationName = Release;
		};
		DAEE1B412292C2B300EA4781 /* Build configuration list for PBXNativeTarget "MusicAppUITests" */ = {
			isa = XCConfigurationList;
			buildConfigurations = (
				DAEE1B422292C2B300EA4781 /* Debug */,
				DAEE1B432292C2B300EA4781 /* Release */,
			);
			defaultConfigurationIsVisible = 0;
			defaultConfigurationName = Release;
		};
/* End XCConfigurationList section */
	};
	rootObject = DAEE1B0B2292C2B100EA4781 /* Project object */;
}
